<Solution>
  <Folder Name="/.github/" />
  <Folder Name="/.github/workflows/">
    <File Path=".github/workflows/docker-publish.yml" />
  </Folder>
  <Folder Name="/Solution Items/">
    <File Path="README.md" />
    <File Path="version.txt" />
  </Folder>
  <Project Path="DfxConsole.BlazorUI/DfxConsole.BlazorUI.csproj" />
</Solution>
